// !$*UTF8*$!
{
	archiveVersion = 1;
	classes = {
	};
	objectVersion = 46;
	objects = {

/* Begin PBXBuildFile section */
		8EFD09161B2F15430096A03B /* main.m in Sources */ = {isa = PBXBuildFile; fileRef = 8EFD09151B2F15430096A03B /* main.m */; };
		8EFD09191B2F15430096A03B /* AppDelegate.m in Sources */ = {isa = PBXBuildFile; fileRef = 8EFD09181B2F15430096A03B /* AppDelegate.m */; };
		8EFD091C1B2F15430096A03B /* ViewController.m in Sources */ = {isa = PBXBuildFile; fileRef = 8EFD091B1B2F15430096A03B /* ViewController.m */; };
		8EFD091F1B2F15430096A03B /* Main.storyboard in Resources */ = {isa = PBXBuildFile; fileRef = 8EFD091D1B2F15430096A03B /* Main.storyboard */; };
		8EFD09211B2F15430096A03B /* Images.xcassets in Resources */ = {isa = PBXBuildFile; fileRef = 8EFD09201B2F15430096A03B /* Images.xcassets */; };
		8EFD09241B2F15430096A03B /* LaunchScreen.xib in Resources */ = {isa = PBXBuildFile; fileRef = 8EFD09221B2F15430096A03B /* LaunchScreen.xib */; };
		8EFD09301B2F15430096A03B /* WHUSliderViewDemoTests.m in Sources */ = {isa = PBXBuildFile; fileRef = 8EFD092F1B2F15430096A03B /* WHUSliderViewDemoTests.m */; };
		8EFD093B1B2F15650096A03B /* WHUSliderView.m in Sources */ = {isa = PBXBuildFile; fileRef = 8EFD09391B2F15650096A03B /* WHUSliderView.m */; };
/* End PBXBuildFile section */

/* Begin PBXContainerItemProxy section */
		8EFD092A1B2F15430096A03B /* PBXContainerItemProxy */ = {
			isa = PBXContainerItemProxy;
			containerPortal = 8EFD09081B2F15430096A03B /* Project object */;
			proxyType = 1;
			remoteGlobalIDString = 8EFD090F1B2F15430096A03B;
			remoteInfo = WHUSliderViewDemo;
		};
/* End PBXContainerItemProxy section */

/* Begin PBXFileReference section */
		8EFD09101B2F15430096A03B /* WHUSliderViewDemo.app */ = {isa = PBXFileReference; explicitFileType = wrapper.application; includeInIndex = 0; path = WHUSliderViewDemo.app; sourceTree = BUILT_PRODUCTS_DIR; };
		8EFD09141B2F15430096A03B /* Info.plist */ = {isa = PBXFileReference; lastKnownFileType = text.plist.xml; path = Info.plist; sourceTree = "<group>"; };
		8EFD09151B2F15430096A03B /* main.m */ = {isa = PBXFileReference; lastKnownFileType = sourcecode.c.objc; path = main.m; sourceTree = "<group>"; };
		8EFD09171B2F15430096A03B /* AppDelegate.h */ = {isa = PBXFileReference; lastKnownFileType = sourcecode.c.h; path = AppDelegate.h; sourceTree = "<group>"; };
		8EFD09181B2F15430096A03B /* AppDelegate.m */ = {isa = PBXFileReference; lastKnownFileType = sourcecode.c.objc; path = AppDelegate.m; sourceTree = "<group>"; };
		8EFD091A1B2F15430096A03B /* ViewController.h */ = {isa = PBXFileReference; lastKnownFileType = sourcecode.c.h; path = ViewController.h; sourceTree = "<group>"; };
		8EFD091B1B2F15430096A03B /* ViewController.m */ = {isa = PBXFileReference; lastKnownFileType = sourcecode.c.objc; path = ViewController.m; sourceTree = "<group>"; };
		8EFD091E1B2F15430096A03B /* Base */ = {isa = PBXFileReference; lastKnownFileType = file.storyboard; name = Base; path = Base.lproj/Main.storyboard; sourceTree = "<group>"; };
		8EFD09201B2F15430096A03B /* Images.xcassets */ = {isa = PBXFileReference; lastKnownFileType = folder.assetcatalog; path = Images.xcassets; sourceTree = "<group>"; };
		8EFD09231B2F15430096A03B /* Base */ = {isa = PBXFileReference; lastKnownFileType = file.xib; name = Base; path = Base.lproj/LaunchScreen.xib; sourceTree = "<group>"; };
		8EFD09291B2F15430096A03B /* WHUSliderViewDemoTests.xctest */ = {isa = PBXFileReference; explicitFileType = wrapper.cfbundle; includeInIndex = 0; path = WHUSliderViewDemoTests.xctest; sourceTree = BUILT_PRODUCTS_DIR; };
		8EFD092E1B2F15430096A03B /* Info.plist */ = {isa = PBXFileReference; lastKnownFileType = text.plist.xml; path = Info.plist; sourceTree = "<group>"; };
		8EFD092F1B2F15430096A03B /* WHUSliderViewDemoTests.m */ = {isa = PBXFileReference; lastKnownFileType = sourcecode.c.objc; path = WHUSliderViewDemoTests.m; sourceTree = "<group>"; };
		8EFD09391B2F15650096A03B /* WHUSliderView.m */ = {isa = PBXFileReference; fileEncoding = 4; lastKnownFileType = sourcecode.c.objc; path = WHUSliderView.m; sourceTree = "<group>"; };
		8EFD093A1B2F15650096A03B /* WHUSliderView.h */ = {isa = PBXFileReference; fileEncoding = 4; lastKnownFileType = sourcecode.c.h; path = WHUSliderView.h; sourceTree = "<group>"; };
/* End PBXFileReference section */

/* Begin PBXFrameworksBuildPhase section */
		8EFD090D1B2F15430096A03B /* Frameworks */ = {
			isa = PBXFrameworksBuildPhase;
			buildActionMask = 2147483647;
			files = (
			);
			runOnlyForDeploymentPostprocessing = 0;
		};
		8EFD09261B2F15430096A03B /* Frameworks */ = {
			isa = PBXFrameworksBuildPhase;
			buildActionMask = 2147483647;
			files = (
			);
			runOnlyForDeploymentPostprocessing = 0;
		};
/* End PBXFrameworksBuildPhase section */

/* Begin PBXGroup section */
		8EFD09071B2F15430096A03B = {
			isa = PBXGroup;
			children = (
				8EFD09121B2F15430096A03B /* WHUSliderViewDemo */,
				8EFD092C1B2F15430096A03B /* WHUSliderViewDemoTests */,
				8EFD09111B2F15430096A03B /* Products */,
			);
			sourceTree = "<group>";
		};
		8EFD09111B2F15430096A03B /* Products */ = {
			isa = PBXGroup;
			children = (
				8EFD09101B2F15430096A03B /* WHUSliderViewDemo.app */,
				8EFD09291B2F15430096A03B /* WHUSliderViewDemoTests.xctest */,
			);
			name = Products;
			sourceTree = "<group>";
		};
		8EFD09121B2F15430096A03B /* WHUSliderViewDemo */ = {
			isa = PBXGroup;
			children = (
				8EFD09391B2F15650096A03B /* WHUSliderView.m */,
				8EFD093A1B2F15650096A03B /* WHUSliderView.h */,
				8EFD09171B2F15430096A03B /* AppDelegate.h */,
				8EFD09181B2F15430096A03B /* AppDelegate.m */,
				8EFD091A1B2F15430096A03B /* ViewController.h */,
				8EFD091B1B2F15430096A03B /* ViewController.m */,
				8EFD091D1B2F15430096A03B /* Main.storyboard */,
				8EFD09201B2F15430096A03B /* Images.xcassets */,
				8EFD09221B2F15430096A03B /* LaunchScreen.xib */,
				8EFD09131B2F15430096A03B /* Supporting Files */,
			);
			path = WHUSliderViewDemo;
			sourceTree = "<group>";
		};
		8EFD09131B2F15430096A03B /* Supporting Files */ = {
			isa = PBXGroup;
			children = (
				8EFD09141B2F15430096A03B /* Info.plist */,
				8EFD09151B2F15430096A03B /* main.m */,
			);
			name = "Supporting Files";
			sourceTree = "<group>";
		};
		8EFD092C1B2F15430096A03B /* WHUSliderViewDemoTests */ = {
			isa = PBXGroup;
			children = (
				8EFD092F1B2F15430096A03B /* WHUSliderViewDemoTests.m */,
				8EFD092D1B2F15430096A03B /* Supporting Files */,
			);
			path = WHUSliderViewDemoTests;
			sourceTree = "<group>";
		};
		8EFD092D1B2F15430096A03B /* Supporting Files */ = {
			isa = PBXGroup;
			children = (
				8EFD092E1B2F15430096A03B /* Info.plist */,
			);
			name = "Supporting Files";
			sourceTree = "<group>";
		};
/* End PBXGroup section */

/* Begin PBXNativeTarget section */
		8EFD090F1B2F15430096A03B /* WHUSliderViewDemo */ = {
			isa = PBXNativeTarget;
			buildConfigurationList = 8EFD09331B2F15430096A03B /* Build configuration list for PBXNativeTarget "WHUSliderViewDemo" */;
			buildPhases = (
				8EFD090C1B2F15430096A03B /* Sources */,
				8EFD090D1B2F15430096A03B /* Frameworks */,
				8EFD090E1B2F15430096A03B /* Resources */,
			);
			buildRules = (
			);
			dependencies = (
			);
			name = WHUSliderViewDemo;
			productName = WHUSliderViewDemo;
			productReference = 8EFD09101B2F15430096A03B /* WHUSliderViewDemo.app */;
			productType = "com.apple.product-type.application";
		};
		8EFD09281B2F15430096A03B /* WHUSliderViewDemoTests */ = {
			isa = PBXNativeTarget;
			buildConfigurationList = 8EFD09361B2F15430096A03B /* Build configuration list for PBXNativeTarget "WHUSliderViewDemoTests" */;
			buildPhases = (
				8EFD09251B2F15430096A03B /* Sources */,
				8EFD09261B2F15430096A03B /* Frameworks */,
				8EFD09271B2F15430096A03B /* Resources */,
			);
			buildRules = (
			);
			dependencies = (
				8EFD092B1B2F15430096A03B /* PBXTargetDependency */,
			);
			name = WHUSliderViewDemoTests;
			productName = WHUSliderViewDemoTests;
			productReference = 8EFD09291B2F15430096A03B /* WHUSliderViewDemoTests.xctest */;
			productType = "com.apple.product-type.bundle.unit-test";
		};
/* End PBXNativeTarget section */

/* Begin PBXProject section */
		8EFD09081B2F15430096A03B /* Project object */ = {
			isa = PBXProject;
			attributes = {
				LastUpgradeCheck = 0620;
				ORGANIZATIONNAME = SuperNova;
				TargetAttributes = {
					8EFD090F1B2F15430096A03B = {
						CreatedOnToolsVersion = 6.2;
					};
					8EFD09281B2F15430096A03B = {
						CreatedOnToolsVersion = 6.2;
						TestTargetID = 8EFD090F1B2F15430096A03B;
					};
				};
			};
			buildConfigurationList = 8EFD090B1B2F15430096A03B /* Build configuration list for PBXProject "WHUSliderViewDemo" */;
			compatibilityVersion = "Xcode 3.2";
			developmentRegion = English;
			hasScannedForEncodings = 0;
			knownRegions = (
				en,
				Base,
			);
			mainGroup = 8EFD09071B2F15430096A03B;
			productRefGroup = 8EFD09111B2F15430096A03B /* Products */;
			projectDirPath = "";
			projectRoot = "";
			targets = (
				8EFD090F1B2F15430096A03B /* WHUSliderViewDemo */,
				8EFD09281B2F15430096A03B /* WHUSliderViewDemoTests */,
			);
		};
/* End PBXProject section */

/* Begin PBXResourcesBuildPhase section */
		8EFD090E1B2F15430096A03B /* Resources */ = {
			isa = PBXResourcesBuildPhase;
			buildActionMask = 2147483647;
			files = (
				8EFD091F1B2F15430096A03B /* Main.storyboard in Resources */,
				8EFD09241B2F15430096A03B /* LaunchScreen.xib in Resources */,
				8EFD09211B2F15430096A03B /* Images.xcassets in Resources */,
			);
			runOnlyForDeploymentPostprocessing = 0;
		};
		8EFD09271B2F15430096A03B /* Resources */ = {
			isa = PBXResourcesBuildPhase;
			buildActionMask = 2147483647;
			files = (
			);
			runOnlyForDeploymentPostprocessing = 0;
		};
/* End PBXResourcesBuildPhase section */

/* Begin PBXSourcesBuildPhase section */
		8EFD090C1B2F15430096A03B /* Sources */ = {
			isa = PBXSourcesBuildPhase;
			buildActionMask = 2147483647;
			files = (
				8EFD093B1B2F15650096A03B /* WHUSliderView.m in Sources */,
				8EFD091C1B2F15430096A03B /* ViewController.m in Sources */,
				8EFD09191B2F15430096A03B /* AppDelegate.m in Sources */,
				8EFD09161B2F15430096A03B /* main.m in Sources */,
			);
			runOnlyForDeploymentPostprocessing = 0;
		};
		8EFD09251B2F15430096A03B /* Sources */ = {
			isa = PBXSourcesBuildPhase;
			buildActionMask = 2147483647;
			files = (
				8EFD09301B2F15430096A03B /* WHUSliderViewDemoTests.m in Sources */,
			);
			runOnlyForDeploymentPostprocessing = 0;
		};
/* End PBXSourcesBuildPhase section */

/* Begin PBXTargetDependency section */
		8EFD092B1B2F15430096A03B /* PBXTargetDependency */ = {
			isa = PBXTargetDependency;
			target = 8EFD090F1B2F15430096A03B /* WHUSliderViewDemo */;
			targetProxy = 8EFD092A1B2F15430096A03B /* PBXContainerItemProxy */;
		};
/* End PBXTargetDependency section */

/* Begin PBXVariantGroup section */
		8EFD091D1B2F15430096A03B /* Main.storyboard */ = {
			isa = PBXVariantGroup;
			children = (
				8EFD091E1B2F15430096A03B /* Base */,
			);
			name = Main.storyboard;
			sourceTree = "<group>";
		};
		8EFD09221B2F15430096A03B /* LaunchScreen.xib */ = {
			isa = PBXVariantGroup;
			children = (
				8EFD09231B2F15430096A03B /* Base */,
			);
			name = LaunchScreen.xib;
			sourceTree = "<group>";
		};
/* End PBXVariantGroup section */

/* Begin XCBuildConfiguration section */
		8EFD09311B2F15430096A03B /* Debug */ = {
			isa = XCBuildConfiguration;
			buildSettings = {
				ALWAYS_SEARCH_USER_PATHS = NO;
				CLANG_CXX_LANGUAGE_STANDARD = "gnu++0x";
				CLANG_CXX_LIBRARY = "libc++";
				CLANG_ENABLE_MODULES = YES;
				CLANG_ENABLE_OBJC_ARC = YES;
				CLANG_WARN_BOOL_CONVERSION = YES;
				CLANG_WARN_CONSTANT_CONVERSION = YES;
				CLANG_WARN_DIRECT_OBJC_ISA_USAGE = YES_ERROR;
				CLANG_WARN_EMPTY_BODY = YES;
				CLANG_WARN_ENUM_CONVERSION = YES;
				CLANG_WARN_INT_CONVERSION = YES;
				CLANG_WARN_OBJC_ROOT_CLASS = YES_ERROR;
				CLANG_WARN_UNREACHABLE_CODE = YES;
				CLANG_WARN__DUPLICATE_METHOD_MATCH = YES;
				"CODE_SIGN_IDENTITY[sdk=iphoneos*]" = "iPhone Developer";
				COPY_PHASE_STRIP = NO;
				ENABLE_STRICT_OBJC_MSGSEND = YES;
				GCC_C_LANGUAGE_STANDARD = gnu99;
				GCC_DYNAMIC_NO_PIC = NO;
				GCC_OPTIMIZATION_LEVEL = 0;
				GCC_PREPROCESSOR_DEFINITIONS = (
					"DEBUG=1",
					"$(inherited)",
				);
				GCC_SYMBOLS_PRIVATE_EXTERN = NO;
				GCC_WARN_64_TO_32_BIT_CONVERSION = YES;
				GCC_WARN_ABOUT_RETURN_TYPE = YES_ERROR;
				GCC_WARN_UNDECLARED_SELECTOR = YES;
				GCC_WARN_UNINITIALIZED_AUTOS = YES_AGGRESSIVE;
				GCC_WARN_UNUSED_FUNCTION = YES;
				GCC_WARN_UNUSED_VARIABLE = YES;
				IPHONEOS_DEPLOYMENT_TARGET = 8.2;
				MTL_ENABLE_DEBUG_INFO = YES;
				ONLY_ACTIVE_ARCH = YES;
				SDKROOT = iphoneos;
			};
			name = Debug;
		};
		8EFD09321B2F15430096A03B /* Release */ = {
			isa = XCBuildConfiguration;
			buildSettings = {
				ALWAYS_SEARCH_USER_PATHS = NO;
				CLANG_CXX_LANGUAGE_STANDARD = "gnu++0x";
				CLANG_CXX_LIBRARY = "libc++";
				CLANG_ENABLE_MODULES = YES;
				CLANG_ENABLE_OBJC_ARC = YES;
				CLANG_WARN_BOOL_CONVERSION = YES;
				CLANG_WARN_CONSTANT_CONVERSION = YES;
				CLANG_WARN_DIRECT_OBJC_ISA_USAGE = YES_ERROR;
				CLANG_WARN_EMPTY_BODY = YES;
				CLANG_WARN_ENUM_CONVERSION = YES;
				CLANG_WARN_INT_CONVERSION = YES;
				CLANG_WARN_OBJC_ROOT_CLASS = YES_ERROR;
				CLANG_WARN_UNREACHABLE_CODE = YES;
				CLANG_WARN__DUPLICATE_METHOD_MATCH = YES;
				"CODE_SIGN_IDENTITY[sdk=iphoneos*]" = "iPhone Developer";
				COPY_PHASE_STRIP = NO;
				ENABLE_NS_ASSERTIONS = NO;
				ENABLE_STRICT_OBJC_MSGSEND = YES;
				GCC_C_LANGUAGE_STANDARD = gnu99;
				GCC_WARN_64_TO_32_BIT_CONVERSION = YES;
				GCC_WARN_ABOUT_RETURN_TYPE = YES_ERROR;
				GCC_WARN_UNDECLARED_SELECTOR = YES;
				GCC_WARN_UNINITIALIZED_AUTOS = YES_AGGRESSIVE;
				GCC_WARN_UNUSED_FUNCTION = YES;
				GCC_WARN_UNUSED_VARIABLE = YES;
				IPHONEOS_DEPLOYMENT_TARGET = 8.2;
				MTL_ENABLE_DEBUG_INFO = NO;
				SDKROOT = iphoneos;
				VALIDATE_PRODUCT = YES;
			};
			name = Release;
		};
		8EFD09341B2F15430096A03B /* Debug */ = {
			isa = XCBuildConfiguration;
			buildSettings = {
				ASSETCATALOG_COMPILER_APPICON_NAME = AppIcon;
				INFOPLIST_FILE = WHUSliderViewDemo/Info.plist;
				IPHONEOS_DEPLOYMENT_TARGET = 6.0;
				LD_RUNPATH_SEARCH_PATHS = "$(inherited) @executable_path/Frameworks";
				PRODUCT_NAME = "$(TARGET_NAME)";
			};
			name = Debug;
		};
		8EFD09351B2F15430096A03B /* Release */ = {
			isa = XCBuildConfiguration;
			buildSettings = {
				ASSETCATALOG_COMPILER_APPICON_NAME = AppIcon;
				INFOPLIST_FILE = WHUSliderViewDemo/Info.plist;
				IPHONEOS_DEPLOYMENT_TARGET = 6.0;
				LD_RUNPATH_SEARCH_PATHS = "$(inherited) @executable_path/Frameworks";
				PRODUCT_NAME = "$(TARGET_NAME)";
			};
			name = Release;
		};
		8EFD09371B2F15430096A03B /* Debug */ = {
			isa = XCBuildConfiguration;
			buildSettings = {
				BUNDLE_LOADER = "$(TEST_HOST)";
				FRAMEWORK_SEARCH_PATHS = (
					"$(SDKROOT)/Developer/Library/Frameworks",
					"$(inherited)",
				);
				GCC_PREPROCESSOR_DEFINITIONS = (
					"DEBUG=1",
					"$(inherited)",
				);
				INFOPLIST_FILE = WHUSliderViewDemoTests/Info.plist;
				LD_RUNPATH_SEARCH_PATHS = "$(inherited) @executable_path/Frameworks @loader_path/Frameworks";
				PRODUCT_NAME = "$(TARGET_NAME)";
				TEST_HOST = "$(BUILT_PRODUCTS_DIR)/WHUSliderViewDemo.app/WHUSliderViewDemo";
			};
			name = Debug;
		};
		8EFD09381B2F15430096A03B /* Release */ = {
			isa = XCBuildConfiguration;
			buildSettings = {
				BUNDLE_LOADER = "$(TEST_HOST)";
				FRAMEWORK_SEARCH_PATHS = (
					"$(SDKROOT)/Developer/Library/Frameworks",
					"$(inherited)",
				);
				INFOPLIST_FILE = WHUSliderViewDemoTests/Info.plist;
				LD_RUNPATH_SEARCH_PATHS = "$(inherited) @executable_path/Frameworks @loader_path/Frameworks";
				PRODUCT_NAME = "$(TARGET_NAME)";
				TEST_HOST = "$(BUILT_PRODUCTS_DIR)/WHUSliderViewDemo.app/WHUSliderViewDemo";
			};
			name = Release;
		};
/* End XCBuildConfiguration section */

/* Begin XCConfigurationList section */
		8EFD090B1B2F15430096A03B /* Build configuration list for PBXProject "WHUSliderViewDemo" */ = {
			isa = XCConfigurationList;
			buildConfigurations = (
				8EFD09311B2F15430096A03B /* Debug */,
				8EFD09321B2F15430096A03B /* Release */,
			);
			defaultConfigurationIsVisible = 0;
			defaultConfigurationName = Release;
		};
		8EFD09331B2F15430096A03B /* Build configuration list for PBXNativeTarget "WHUSliderViewDemo" */ = {
			isa = XCConfigurationList;
			buildConfigurations = (
				8EFD09341B2F15430096A03B /* Debug */,
				8EFD09351B2F15430096A03B /* Release */,
			);
			defaultConfigurationIsVisible = 0;
			defaultConfigurationName = Release;
		};
		8EFD09361B2F15430096A03B /* Build configuration list for PBXNativeTarget "WHUSliderViewDemoTests" */ = {
			isa = XCConfigurationList;
			buildConfigurations = (
				8EFD09371B2F15430096A03B /* Debug */,
				8EFD09381B2F15430096A03B /* Release */,
			);
			defaultConfigurationIsVisible = 0;
			defaultConfigurationName = Release;
		};
/* End XCConfigurationList section */
	};
	rootObject = 8EFD09081B2F15430096A03B /* Project object */;
}
